
Microsoft Visual Studio Solution File, Format Version 12.00
# Visual Studio Version 17
VisualStudioVersion = 17.9.34723.18
MinimumVisualStudioVersion = 10.0.40219.1
Project("{9A19103F-16F7-4668-BE54-9A1E7A4F7556}") = "DevExpressBlazorUICustomControl.Module", "DevExpressBlazorUICustomControl.Module\DevExpressBlazorUICustomControl.Module.csproj", "{E2AC5BBC-5734-4D75-BE98-E392449FB3EF}"
EndProject
Project("{9A19103F-16F7-4668-BE54-9A1E7A4F7556}") = "DevExpressBlazorUICustomControl.Blazor.Server", "DevExpressBlazorUICustomControl.Blazor.Server\DevExpressBlazorUICustomControl.Blazor.Server.csproj", "{E3144303-CE16-45D8-BC3A-25F524398280}"
EndProject
Global
	GlobalSection(SolutionConfigurationPlatforms) = preSolution
		Debug|Any CPU = Debug|Any CPU
		EasyTest|Any CPU = EasyTest|Any CPU
		Release|Any CPU = Release|Any CPU
	EndGlobalSection
	GlobalSection(ProjectConfigurationPlatforms) = postSolution
		{E2AC5BBC-5734-4D75-BE98-E392449FB3EF}.Debug|Any CPU.ActiveCfg = Debug|Any CPU
		{E2AC5BBC-5734-4D75-BE98-E392449FB3EF}.Debug|Any CPU.Build.0 = Debug|Any CPU
		{E2AC5BBC-5734-4D75-BE98-E392449FB3EF}.EasyTest|Any CPU.ActiveCfg = EasyTest|Any CPU
		{E2AC5BBC-5734-4D75-BE98-E392449FB3EF}.EasyTest|Any CPU.Build.0 = EasyTest|Any CPU
		{E2AC5BBC-5734-4D75-BE98-E392449FB3EF}.Release|Any CPU.ActiveCfg = Release|Any CPU
		{E2AC5BBC-5734-4D75-BE98-E392449FB3EF}.Release|Any CPU.Build.0 = Release|Any CPU
		{E3144303-CE16-45D8-BC3A-25F524398280}.Debug|Any CPU.ActiveCfg = Debug|Any CPU
		{E3144303-CE16-45D8-BC3A-25F524398280}.Debug|Any CPU.Build.0 = Debug|Any CPU
		{E3144303-CE16-45D8-BC3A-25F524398280}.EasyTest|Any CPU.ActiveCfg = EasyTest|Any CPU
		{E3144303-CE16-45D8-BC3A-25F524398280}.EasyTest|Any CPU.Build.0 = EasyTest|Any CPU
		{E3144303-CE16-45D8-BC3A-25F524398280}.Release|Any CPU.ActiveCfg = Release|Any CPU
		{E3144303-CE16-45D8-BC3A-25F524398280}.Release|Any CPU.Build.0 = Release|Any CPU
	EndGlobalSection
	GlobalSection(SolutionProperties) = preSolution
		HideSolutionNode = FALSE
	EndGlobalSection
	GlobalSection(ExtensibilityGlobals) = postSolution
		SolutionGuid = {CA04AD78-D69B-4CA9-9C5A-550119B301B6}
	EndGlobalSection
EndGlobal
